{
  "version": 4,
  "terraform_version": "1.1.7",
  "serial": 61,
  "lineage": "5d523770-099d-3606-5adf-d0140d518798",
  "outputs": {
    "external_ip_address_node01_yandex_cloud": {
      "value": "51.250.78.161",
      "type": "string"
    },
    "internal_ip_address_node01_yandex_cloud": {
      "value": "192.168.101.29",
      "type": "string"
    }
  },
  "resources": [
    {
      "mode": "managed",
      "type": "yandex_compute_instance",
      "name": "node01",
      "provider": "provider[\"registry.terraform.io/yandex-cloud/yandex\"]",
      "instances": [
        {
          "schema_version": 1,
          "attributes": {
            "allow_stopping_for_update": true,
            "boot_disk": [
              {
                "auto_delete": true,
                "device_name": "fhmd7jf48ubr7t62f9ac",
                "disk_id": "fhmd7jf48ubr7t62f9ac",
                "initialize_params": [
                  {
                    "block_size": 4096,
                    "description": "",
                    "image_id": "fd83ksv4j37g849ha33g",
                    "name": "root-node01",
                    "size": 50,
                    "snapshot_id": "",
                    "type": "network-ssd"
                  }
                ],
                "mode": "READ_WRITE"
              }
            ],
            "created_at": "2022-04-17T18:36:45Z",
            "description": "",
            "folder_id": "b1gpoam8bmqo3hh7c2h1",
            "fqdn": "node01.netology.cloud",
            "hostname": "node01",
            "id": "fhmpgungnvuth8li40j1",
            "labels": null,
            "metadata": {
              "ssh-keys": "centos:ssh-rsa AAAAB3NzaC1yc2EAAAADAQABAAABAQC1N4Fl6hWJEv4fnKWu5tYfGOZFqfHCXRioYtIirf3Pur6csj0oOgZEiWujQwZIeAjrWqVxDQosjt+XcdSilwFCnEoNnxQ2wZbRLdnJvm84jNc42Lbt7wFocJp1PKmfsYlWwLoZiZW/9ExFw0p7MoP9mb4d53Lbvj0uVh+n0X8ngMkbiJaVZlLk29IPmAK6rY1IgvHBuuePQXZ4OF9c3iRlnV/Nh29L8i+U99A0qwE5XYLc7ssL3MvU8ZHriJUo7BcbDH3NqGQBBT7koYUCfg+mreylTiXvdoPi8jstgidK2/Zc9/A2i7JJPXRB3MeDEAm2h1pugqTHF6rYyl5Q5Avr Melnik\n"
            },
            "name": "node01",
            "network_acceleration_type": "standard",
            "network_interface": [
              {
                "dns_record": [],
                "index": 0,
                "ip_address": "192.168.101.29",
                "ipv4": true,
                "ipv6": false,
                "ipv6_address": "",
                "ipv6_dns_record": [],
                "mac_address": "d0:0d:19:87:af:0b",
                "nat": true,
                "nat_dns_record": [],
                "nat_ip_address": "51.250.78.161",
                "nat_ip_version": "IPV4",
                "security_group_ids": [],
                "subnet_id": "e9b43asuov3irs7cpgse"
              }
            ],
            "placement_policy": [
              {
                "placement_group_id": ""
              }
            ],
            "platform_id": "standard-v1",
            "resources": [
              {
                "core_fraction": 100,
                "cores": 8,
                "gpus": 0,
                "memory": 8
              }
            ],
            "scheduling_policy": [
              {
                "preemptible": false
              }
            ],
            "secondary_disk": [],
            "service_account_id": "",
            "status": "running",
            "timeouts": null,
            "zone": "ru-central1-a"
          },
          "sensitive_attributes": [],
          "private": "eyJlMmJmYjczMC1lY2FhLTExZTYtOGY4OC0zNDM2M2JjN2M0YzAiOnsiY3JlYXRlIjozMDAwMDAwMDAwMDAsImRlbGV0ZSI6MzAwMDAwMDAwMDAwLCJ1cGRhdGUiOjMwMDAwMDAwMDAwMH0sInNjaGVtYV92ZXJzaW9uIjoiMSJ9",
          "dependencies": [
            "yandex_vpc_network.default",
            "yandex_vpc_subnet.default"
          ]
        }
      ]
    },
    {
      "mode": "managed",
      "type": "yandex_vpc_network",
      "name": "default",
      "provider": "provider[\"registry.terraform.io/yandex-cloud/yandex\"]",
      "instances": [
        {
          "schema_version": 0,
          "attributes": {
            "created_at": "2022-04-17T18:36:43Z",
            "default_security_group_id": "",
            "description": "",
            "folder_id": "b1gpoam8bmqo3hh7c2h1",
            "id": "enpbjg4346kef1rbn2a2",
            "labels": {},
            "name": "net",
            "subnet_ids": [],
            "timeouts": null
          },
          "sensitive_attributes": [],
          "private": "eyJlMmJmYjczMC1lY2FhLTExZTYtOGY4OC0zNDM2M2JjN2M0YzAiOnsiY3JlYXRlIjo2MDAwMDAwMDAwMCwiZGVsZXRlIjo2MDAwMDAwMDAwMCwidXBkYXRlIjo2MDAwMDAwMDAwMH19"
        }
      ]
    },
    {
      "mode": "managed",
      "type": "yandex_vpc_subnet",
      "name": "default",
      "provider": "provider[\"registry.terraform.io/yandex-cloud/yandex\"]",
      "instances": [
        {
          "schema_version": 0,
          "attributes": {
            "created_at": "2022-04-17T18:36:44Z",
            "description": "",
            "dhcp_options": [],
            "folder_id": "b1gpoam8bmqo3hh7c2h1",
            "id": "e9b43asuov3irs7cpgse",
            "labels": {},
            "name": "subnet",
            "network_id": "enpbjg4346kef1rbn2a2",
            "route_table_id": "",
            "timeouts": null,
            "v4_cidr_blocks": [
              "192.168.101.0/24"
            ],
            "v6_cidr_blocks": [],
            "zone": "ru-central1-a"
          },
          "sensitive_attributes": [],
          "private": "eyJlMmJmYjczMC1lY2FhLTExZTYtOGY4OC0zNDM2M2JjN2M0YzAiOnsiY3JlYXRlIjoxODAwMDAwMDAwMDAsImRlbGV0ZSI6MTgwMDAwMDAwMDAwLCJ1cGRhdGUiOjE4MDAwMDAwMDAwMH19",
          "dependencies": [
            "yandex_vpc_network.default"
          ]
        }
      ]
    }
  ]
}
